{
  "name": "test",
  "version": "1.0.0",
  "lockfileVersion": 1,
  "requires": true,
  "dependencies": {
    "@types/lodash": {
      "version": "4.14.110",
      "resolved": "https://registry.npmjs.org/@types/lodash/-/lodash-4.14.110.tgz",
      "integrity": "sha512-iXYLa6olt4tnsCA+ZXeP6eEW3tk1SulWeYyP/yooWfAtXjozqXgtX4+XUtMuOCfYjKGz3F34++qUc3Q+TJuIIw=="
    },
    "lodash": {
      "version": "4.17.10",
      "resolved": "https://registry.npmjs.org/lodash/-/lodash-4.17.10.tgz",
      "integrity": "sha512-UejweD1pDoXu+AD825lWwp4ZGtSwgnpZxb3JDViD7StjQz+Nb/6l093lx4OQ0foGWNRoc19mWy7BzL+UAK2iVg=="
    },
    "typescript": {
      "version": "3.0.0-dev.20180704",
      "resolved": "https://registry.npmjs.org/typescript/-/typescript-3.0.0-dev.20180704.tgz",
      "integrity": "sha512-5/P4rA2BNnuFn0o9o+WBsvrbZ+3BXV9HNUjETW4BlkxuYn1azIgqQ7NJwyOpns1DLu8xkAfJarc9rT4ECgWb2w=="
    }
  }
}
